// !$*UTF8*$!
{
	archiveVersion = 1;
	classes = {
	};
	objectVersion = 46;
	objects = {

/* Begin PBXBuildFile section */
		420C81141CBF5D3800F69FA2 /* Products.m in Sources */ = {isa = PBXBuildFile; fileRef = 420C81131CBF5D3800F69FA2 /* Products.m */; };
		420C81181CBF7ADC00F69FA2 /* HomeProductListTableViewCell.m in Sources */ = {isa = PBXBuildFile; fileRef = 420C81161CBF7ADC00F69FA2 /* HomeProductListTableViewCell.m */; };
		420C81191CBF7ADC00F69FA2 /* HomeProductListTableViewCell.xib in Resources */ = {isa = PBXBuildFile; fileRef = 420C81171CBF7ADC00F69FA2 /* HomeProductListTableViewCell.xib */; };
		420C813E1CBF980000F69FA2 /* MKAnnotationView+WebCache.m in Sources */ = {isa = PBXBuildFile; fileRef = 420C811E1CBF980000F69FA2 /* MKAnnotationView+WebCache.m */; };
		420C813F1CBF980000F69FA2 /* NSData+ImageContentType.m in Sources */ = {isa = PBXBuildFile; fileRef = 420C81201CBF980000F69FA2 /* NSData+ImageContentType.m */; };
		420C81401CBF980000F69FA2 /* SDImageCache.m in Sources */ = {isa = PBXBuildFile; fileRef = 420C81221CBF980000F69FA2 /* SDImageCache.m */; };
		420C81411CBF980000F69FA2 /* SDWebImageCompat.m in Sources */ = {isa = PBXBuildFile; fileRef = 420C81241CBF980000F69FA2 /* SDWebImageCompat.m */; };
		420C81421CBF980000F69FA2 /* SDWebImageDecoder.m in Sources */ = {isa = PBXBuildFile; fileRef = 420C81261CBF980000F69FA2 /* SDWebImageDecoder.m */; };
		420C81431CBF980000F69FA2 /* SDWebImageDownloader.m in Sources */ = {isa = PBXBuildFile; fileRef = 420C81281CBF980000F69FA2 /* SDWebImageDownloader.m */; };
		420C81441CBF980000F69FA2 /* SDWebImageDownloaderOperation.m in Sources */ = {isa = PBXBuildFile; fileRef = 420C812A1CBF980000F69FA2 /* SDWebImageDownloaderOperation.m */; };
		420C81451CBF980000F69FA2 /* SDWebImageManager.m in Sources */ = {isa = PBXBuildFile; fileRef = 420C812C1CBF980000F69FA2 /* SDWebImageManager.m */; };
		420C81461CBF980000F69FA2 /* SDWebImagePrefetcher.m in Sources */ = {isa = PBXBuildFile; fileRef = 420C812F1CBF980000F69FA2 /* SDWebImagePrefetcher.m */; };
		420C81471CBF980000F69FA2 /* UIButton+WebCache.m in Sources */ = {isa = PBXBuildFile; fileRef = 420C81311CBF980000F69FA2 /* UIButton+WebCache.m */; };
		420C81481CBF980000F69FA2 /* UIImage+GIF.m in Sources */ = {isa = PBXBuildFile; fileRef = 420C81331CBF980000F69FA2 /* UIImage+GIF.m */; };
		420C81491CBF980000F69FA2 /* UIImage+MultiFormat.m in Sources */ = {isa = PBXBuildFile; fileRef = 420C81351CBF980000F69FA2 /* UIImage+MultiFormat.m */; };
		420C814A1CBF980000F69FA2 /* UIImage+WebP.m in Sources */ = {isa = PBXBuildFile; fileRef = 420C81371CBF980000F69FA2 /* UIImage+WebP.m */; };
		420C814B1CBF980000F69FA2 /* UIImageView+HighlightedWebCache.m in Sources */ = {isa = PBXBuildFile; fileRef = 420C81391CBF980000F69FA2 /* UIImageView+HighlightedWebCache.m */; };
		420C814C1CBF980000F69FA2 /* UIImageView+WebCache.m in Sources */ = {isa = PBXBuildFile; fileRef = 420C813B1CBF980000F69FA2 /* UIImageView+WebCache.m */; };
		420C814D1CBF980000F69FA2 /* UIView+WebCacheOperation.m in Sources */ = {isa = PBXBuildFile; fileRef = 420C813D1CBF980000F69FA2 /* UIView+WebCacheOperation.m */; };
		420C814F1CBF982900F69FA2 /* ImageIO.framework in Frameworks */ = {isa = PBXBuildFile; fileRef = 420C814E1CBF982900F69FA2 /* ImageIO.framework */; };
		420C81571CBF9BF300F69FA2 /* AppOptions.m in Sources */ = {isa = PBXBuildFile; fileRef = 420C81561CBF9BF300F69FA2 /* AppOptions.m */; };
		420C815C1CBFBD6F00F69FA2 /* ProductDetailViewController.m in Sources */ = {isa = PBXBuildFile; fileRef = 420C815B1CBFBD6F00F69FA2 /* ProductDetailViewController.m */; };
		420C81601CBFCE9800F69FA2 /* CartViewController.m in Sources */ = {isa = PBXBuildFile; fileRef = 420C815F1CBFCE9800F69FA2 /* CartViewController.m */; };
		420C81641CBFD2BA00F69FA2 /* CartManager.m in Sources */ = {isa = PBXBuildFile; fileRef = 420C81631CBFD2BA00F69FA2 /* CartManager.m */; };
		420C81671CBFEBF300F69FA2 /* CartNavItem.m in Sources */ = {isa = PBXBuildFile; fileRef = 420C81661CBFEBF300F69FA2 /* CartNavItem.m */; };
		420C81691CBFEC0400F69FA2 /* CartNavItem.xib in Resources */ = {isa = PBXBuildFile; fileRef = 420C81681CBFEC0400F69FA2 /* CartNavItem.xib */; };
		420EEDCE1CBA265100348AF9 /* ProductEntity.m in Sources */ = {isa = PBXBuildFile; fileRef = 420EEDCD1CBA265100348AF9 /* ProductEntity.m */; };
		420EEDD11CBA266100348AF9 /* ProductCategoryEntity.m in Sources */ = {isa = PBXBuildFile; fileRef = 420EEDD01CBA266100348AF9 /* ProductCategoryEntity.m */; };
		420EEDD31CBA37FE00348AF9 /* sqlAppDB.sqlite in Resources */ = {isa = PBXBuildFile; fileRef = 420EEDD21CBA313500348AF9 /* sqlAppDB.sqlite */; };
		42DB5A8E1CB96A7C00D4F4D9 /* main.m in Sources */ = {isa = PBXBuildFile; fileRef = 42DB5A8D1CB96A7C00D4F4D9 /* main.m */; };
		42DB5A911CB96A7C00D4F4D9 /* AppDelegate.m in Sources */ = {isa = PBXBuildFile; fileRef = 42DB5A901CB96A7C00D4F4D9 /* AppDelegate.m */; };
		42DB5A941CB96A7C00D4F4D9 /* HomeViewController.m in Sources */ = {isa = PBXBuildFile; fileRef = 42DB5A931CB96A7C00D4F4D9 /* HomeViewController.m */; };
		42DB5A971CB96A7C00D4F4D9 /* Main.storyboard in Resources */ = {isa = PBXBuildFile; fileRef = 42DB5A951CB96A7C00D4F4D9 /* Main.storyboard */; };
		42DB5A991CB96A7C00D4F4D9 /* Assets.xcassets in Resources */ = {isa = PBXBuildFile; fileRef = 42DB5A981CB96A7C00D4F4D9 /* Assets.xcassets */; };
		42DB5A9C1CB96A7C00D4F4D9 /* LaunchScreen.storyboard in Resources */ = {isa = PBXBuildFile; fileRef = 42DB5A9A1CB96A7C00D4F4D9 /* LaunchScreen.storyboard */; };
		42DB5AAB1CB96B3B00D4F4D9 /* DBManager.m in Sources */ = {isa = PBXBuildFile; fileRef = 42DB5AAA1CB96B3B00D4F4D9 /* DBManager.m */; };
		42DB5AAE1CB97EC800D4F4D9 /* libsqlite3.tbd in Frameworks */ = {isa = PBXBuildFile; fileRef = 42DB5AAD1CB97EC800D4F4D9 /* libsqlite3.tbd */; };
		DB95DA441CC501FC00299D12 /* EComButton.m in Sources */ = {isa = PBXBuildFile; fileRef = DB95DA431CC501FC00299D12 /* EComButton.m */; };
		DB95DA4A1CC51B4000299D12 /* CartFooterView.m in Sources */ = {isa = PBXBuildFile; fileRef = DB95DA491CC51B4000299D12 /* CartFooterView.m */; };
		DB95DA4C1CC51B4B00299D12 /* CartFooterView.xib in Resources */ = {isa = PBXBuildFile; fileRef = DB95DA4B1CC51B4B00299D12 /* CartFooterView.xib */; };
/* End PBXBuildFile section */

/* Begin PBXFileReference section */
		420C81121CBF5D3800F69FA2 /* Products.h */ = {isa = PBXFileReference; fileEncoding = 4; lastKnownFileType = sourcecode.c.h; path = Products.h; sourceTree = "<group>"; };
		420C81131CBF5D3800F69FA2 /* Products.m */ = {isa = PBXFileReference; fileEncoding = 4; lastKnownFileType = sourcecode.c.objc; path = Products.m; sourceTree = "<group>"; };
		420C81151CBF7ADC00F69FA2 /* HomeProductListTableViewCell.h */ = {isa = PBXFileReference; fileEncoding = 4; lastKnownFileType = sourcecode.c.h; path = HomeProductListTableViewCell.h; sourceTree = "<group>"; };
		420C81161CBF7ADC00F69FA2 /* HomeProductListTableViewCell.m */ = {isa = PBXFileReference; fileEncoding = 4; lastKnownFileType = sourcecode.c.objc; path = HomeProductListTableViewCell.m; sourceTree = "<group>"; };
		420C81171CBF7ADC00F69FA2 /* HomeProductListTableViewCell.xib */ = {isa = PBXFileReference; fileEncoding = 4; lastKnownFileType = file.xib; path = HomeProductListTableViewCell.xib; sourceTree = "<group>"; };
		420C811D1CBF980000F69FA2 /* MKAnnotationView+WebCache.h */ = {isa = PBXFileReference; fileEncoding = 4; lastKnownFileType = sourcecode.c.h; path = "MKAnnotationView+WebCache.h"; sourceTree = "<group>"; };
		420C811E1CBF980000F69FA2 /* MKAnnotationView+WebCache.m */ = {isa = PBXFileReference; fileEncoding = 4; lastKnownFileType = sourcecode.c.objc; path = "MKAnnotationView+WebCache.m"; sourceTree = "<group>"; };
		420C811F1CBF980000F69FA2 /* NSData+ImageContentType.h */ = {isa = PBXFileReference; fileEncoding = 4; lastKnownFileType = sourcecode.c.h; path = "NSData+ImageContentType.h"; sourceTree = "<group>"; };
		420C81201CBF980000F69FA2 /* NSData+ImageContentType.m */ = {isa = PBXFileReference; fileEncoding = 4; lastKnownFileType = sourcecode.c.objc; path = "NSData+ImageContentType.m"; sourceTree = "<group>"; };
		420C81211CBF980000F69FA2 /* SDImageCache.h */ = {isa = PBXFileReference; fileEncoding = 4; lastKnownFileType = sourcecode.c.h; path = SDImageCache.h; sourceTree = "<group>"; };
		420C81221CBF980000F69FA2 /* SDImageCache.m */ = {isa = PBXFileReference; fileEncoding = 4; lastKnownFileType = sourcecode.c.objc; path = SDImageCache.m; sourceTree = "<group>"; };
		420C81231CBF980000F69FA2 /* SDWebImageCompat.h */ = {isa = PBXFileReference; fileEncoding = 4; lastKnownFileType = sourcecode.c.h; path = SDWebImageCompat.h; sourceTree = "<group>"; };
		420C81241CBF980000F69FA2 /* SDWebImageCompat.m */ = {isa = PBXFileReference; fileEncoding = 4; lastKnownFileType = sourcecode.c.objc; path = SDWebImageCompat.m; sourceTree = "<group>"; };
		420C81251CBF980000F69FA2 /* SDWebImageDecoder.h */ = {isa = PBXFileReference; fileEncoding = 4; lastKnownFileType = sourcecode.c.h; path = SDWebImageDecoder.h; sourceTree = "<group>"; };
		420C81261CBF980000F69FA2 /* SDWebImageDecoder.m */ = {isa = PBXFileReference; fileEncoding = 4; lastKnownFileType = sourcecode.c.objc; path = SDWebImageDecoder.m; sourceTree = "<group>"; };
		420C81271CBF980000F69FA2 /* SDWebImageDownloader.h */ = {isa = PBXFileReference; fileEncoding = 4; lastKnownFileType = sourcecode.c.h; path = SDWebImageDownloader.h; sourceTree = "<group>"; };
		420C81281CBF980000F69FA2 /* SDWebImageDownloader.m */ = {isa = PBXFileReference; fileEncoding = 4; lastKnownFileType = sourcecode.c.objc; path = SDWebImageDownloader.m; sourceTree = "<group>"; };
		420C81291CBF980000F69FA2 /* SDWebImageDownloaderOperation.h */ = {isa = PBXFileReference; fileEncoding = 4; lastKnownFileType = sourcecode.c.h; path = SDWebImageDownloaderOperation.h; sourceTree = "<group>"; };
		420C812A1CBF980000F69FA2 /* SDWebImageDownloaderOperation.m */ = {isa = PBXFileReference; fileEncoding = 4; lastKnownFileType = sourcecode.c.objc; path = SDWebImageDownloaderOperation.m; sourceTree = "<group>"; };
		420C812B1CBF980000F69FA2 /* SDWebImageManager.h */ = {isa = PBXFileReference; fileEncoding = 4; lastKnownFileType = sourcecode.c.h; path = SDWebImageManager.h; sourceTree = "<group>"; };
		420C812C1CBF980000F69FA2 /* SDWebImageManager.m */ = {isa = PBXFileReference; fileEncoding = 4; lastKnownFileType = sourcecode.c.objc; path = SDWebImageManager.m; sourceTree = "<group>"; };
		420C812D1CBF980000F69FA2 /* SDWebImageOperation.h */ = {isa = PBXFileReference; fileEncoding = 4; lastKnownFileType = sourcecode.c.h; path = SDWebImageOperation.h; sourceTree = "<group>"; };
		420C812E1CBF980000F69FA2 /* SDWebImagePrefetcher.h */ = {isa = PBXFileReference; fileEncoding = 4; lastKnownFileType = sourcecode.c.h; path = SDWebImagePrefetcher.h; sourceTree = "<group>"; };
		420C812F1CBF980000F69FA2 /* SDWebImagePrefetcher.m */ = {isa = PBXFileReference; fileEncoding = 4; lastKnownFileType = sourcecode.c.objc; path = SDWebImagePrefetcher.m; sourceTree = "<group>"; };
		420C81301CBF980000F69FA2 /* UIButton+WebCache.h */ = {isa = PBXFileReference; fileEncoding = 4; lastKnownFileType = sourcecode.c.h; path = "UIButton+WebCache.h"; sourceTree = "<group>"; };
		420C81311CBF980000F69FA2 /* UIButton+WebCache.m */ = {isa = PBXFileReference; fileEncoding = 4; lastKnownFileType = sourcecode.c.objc; path = "UIButton+WebCache.m"; sourceTree = "<group>"; };
		420C81321CBF980000F69FA2 /* UIImage+GIF.h */ = {isa = PBXFileReference; fileEncoding = 4; lastKnownFileType = sourcecode.c.h; path = "UIImage+GIF.h"; sourceTree = "<group>"; };
		420C81331CBF980000F69FA2 /* UIImage+GIF.m */ = {isa = PBXFileReference; fileEncoding = 4; lastKnownFileType = sourcecode.c.objc; path = "UIImage+GIF.m"; sourceTree = "<group>"; };
		420C81341CBF980000F69FA2 /* UIImage+MultiFormat.h */ = {isa = PBXFileReference; fileEncoding = 4; lastKnownFileType = sourcecode.c.h; path = "UIImage+MultiFormat.h"; sourceTree = "<group>"; };
		420C81351CBF980000F69FA2 /* UIImage+MultiFormat.m */ = {isa = PBXFileReference; fileEncoding = 4; lastKnownFileType = sourcecode.c.objc; path = "UIImage+MultiFormat.m"; sourceTree = "<group>"; };
		420C81361CBF980000F69FA2 /* UIImage+WebP.h */ = {isa = PBXFileReference; fileEncoding = 4; lastKnownFileType = sourcecode.c.h; path = "UIImage+WebP.h"; sourceTree = "<group>"; };
		420C81371CBF980000F69FA2 /* UIImage+WebP.m */ = {isa = PBXFileReference; fileEncoding = 4; lastKnownFileType = sourcecode.c.objc; path = "UIImage+WebP.m"; sourceTree = "<group>"; };
		420C81381CBF980000F69FA2 /* UIImageView+HighlightedWebCache.h */ = {isa = PBXFileReference; fileEncoding = 4; lastKnownFileType = sourcecode.c.h; path = "UIImageView+HighlightedWebCache.h"; sourceTree = "<group>"; };
		420C81391CBF980000F69FA2 /* UIImageView+HighlightedWebCache.m */ = {isa = PBXFileReference; fileEncoding = 4; lastKnownFileType = sourcecode.c.objc; path = "UIImageView+HighlightedWebCache.m"; sourceTree = "<group>"; };
		420C813A1CBF980000F69FA2 /* UIImageView+WebCache.h */ = {isa = PBXFileReference; fileEncoding = 4; lastKnownFileType = sourcecode.c.h; path = "UIImageView+WebCache.h"; sourceTree = "<group>"; };
		420C813B1CBF980000F69FA2 /* UIImageView+WebCache.m */ = {isa = PBXFileReference; fileEncoding = 4; lastKnownFileType = sourcecode.c.objc; path = "UIImageView+WebCache.m"; sourceTree = "<group>"; };
		420C813C1CBF980000F69FA2 /* UIView+WebCacheOperation.h */ = {isa = PBXFileReference; fileEncoding = 4; lastKnownFileType = sourcecode.c.h; path = "UIView+WebCacheOperation.h"; sourceTree = "<group>"; };
		420C813D1CBF980000F69FA2 /* UIView+WebCacheOperation.m */ = {isa = PBXFileReference; fileEncoding = 4; lastKnownFileType = sourcecode.c.objc; path = "UIView+WebCacheOperation.m"; sourceTree = "<group>"; };
		420C814E1CBF982900F69FA2 /* ImageIO.framework */ = {isa = PBXFileReference; lastKnownFileType = wrapper.framework; name = ImageIO.framework; path = System/Library/Frameworks/ImageIO.framework; sourceTree = SDKROOT; };
		420C81551CBF9BF300F69FA2 /* AppOptions.h */ = {isa = PBXFileReference; fileEncoding = 4; lastKnownFileType = sourcecode.c.h; path = AppOptions.h; sourceTree = "<group>"; };
		420C81561CBF9BF300F69FA2 /* AppOptions.m */ = {isa = PBXFileReference; fileEncoding = 4; lastKnownFileType = sourcecode.c.objc; path = AppOptions.m; sourceTree = "<group>"; };
		420C815A1CBFBD6F00F69FA2 /* ProductDetailViewController.h */ = {isa = PBXFileReference; fileEncoding = 4; lastKnownFileType = sourcecode.c.h; path = ProductDetailViewController.h; sourceTree = "<group>"; };
		420C815B1CBFBD6F00F69FA2 /* ProductDetailViewController.m */ = {isa = PBXFileReference; fileEncoding = 4; lastKnownFileType = sourcecode.c.objc; path = ProductDetailViewController.m; sourceTree = "<group>"; };
		420C815E1CBFCE9800F69FA2 /* CartViewController.h */ = {isa = PBXFileReference; fileEncoding = 4; lastKnownFileType = sourcecode.c.h; path = CartViewController.h; sourceTree = "<group>"; };
		420C815F1CBFCE9800F69FA2 /* CartViewController.m */ = {isa = PBXFileReference; fileEncoding = 4; lastKnownFileType = sourcecode.c.objc; path = CartViewController.m; sourceTree = "<group>"; };
		420C81621CBFD2BA00F69FA2 /* CartManager.h */ = {isa = PBXFileReference; fileEncoding = 4; lastKnownFileType = sourcecode.c.h; path = CartManager.h; sourceTree = "<group>"; };
		420C81631CBFD2BA00F69FA2 /* CartManager.m */ = {isa = PBXFileReference; fileEncoding = 4; lastKnownFileType = sourcecode.c.objc; path = CartManager.m; sourceTree = "<group>"; };
		420C81651CBFEBF300F69FA2 /* CartNavItem.h */ = {isa = PBXFileReference; fileEncoding = 4; lastKnownFileType = sourcecode.c.h; path = CartNavItem.h; sourceTree = "<group>"; };
		420C81661CBFEBF300F69FA2 /* CartNavItem.m */ = {isa = PBXFileReference; fileEncoding = 4; lastKnownFileType = sourcecode.c.objc; path = CartNavItem.m; sourceTree = "<group>"; };
		420C81681CBFEC0400F69FA2 /* CartNavItem.xib */ = {isa = PBXFileReference; fileEncoding = 4; lastKnownFileType = file.xib; path = CartNavItem.xib; sourceTree = "<group>"; };
		420EEDCC1CBA265100348AF9 /* ProductEntity.h */ = {isa = PBXFileReference; fileEncoding = 4; lastKnownFileType = sourcecode.c.h; path = ProductEntity.h; sourceTree = "<group>"; };
		420EEDCD1CBA265100348AF9 /* ProductEntity.m */ = {isa = PBXFileReference; fileEncoding = 4; lastKnownFileType = sourcecode.c.objc; path = ProductEntity.m; sourceTree = "<group>"; };
		420EEDCF1CBA266100348AF9 /* ProductCategoryEntity.h */ = {isa = PBXFileReference; fileEncoding = 4; lastKnownFileType = sourcecode.c.h; path = ProductCategoryEntity.h; sourceTree = "<group>"; };
		420EEDD01CBA266100348AF9 /* ProductCategoryEntity.m */ = {isa = PBXFileReference; fileEncoding = 4; lastKnownFileType = sourcecode.c.objc; path = ProductCategoryEntity.m; sourceTree = "<group>"; };
		420EEDD21CBA313500348AF9 /* sqlAppDB.sqlite */ = {isa = PBXFileReference; lastKnownFileType = file; path = sqlAppDB.sqlite; sourceTree = "<group>"; };
		42DB5A891CB96A7C00D4F4D9 /* eCommerceTest.app */ = {isa = PBXFileReference; explicitFileType = wrapper.application; includeInIndex = 0; path = eCommerceTest.app; sourceTree = BUILT_PRODUCTS_DIR; };
		42DB5A8D1CB96A7C00D4F4D9 /* main.m */ = {isa = PBXFileReference; lastKnownFileType = sourcecode.c.objc; path = main.m; sourceTree = "<group>"; };
		42DB5A8F1CB96A7C00D4F4D9 /* AppDelegate.h */ = {isa = PBXFileReference; lastKnownFileType = sourcecode.c.h; path = AppDelegate.h; sourceTree = "<group>"; };
		42DB5A901CB96A7C00D4F4D9 /* AppDelegate.m */ = {isa = PBXFileReference; lastKnownFileType = sourcecode.c.objc; path = AppDelegate.m; sourceTree = "<group>"; };
		42DB5A921CB96A7C00D4F4D9 /* HomeViewController.h */ = {isa = PBXFileReference; lastKnownFileType = sourcecode.c.h; path = HomeViewController.h; sourceTree = "<group>"; };
		42DB5A931CB96A7C00D4F4D9 /* HomeViewController.m */ = {isa = PBXFileReference; lastKnownFileType = sourcecode.c.objc; path = HomeViewController.m; sourceTree = "<group>"; };
		42DB5A961CB96A7C00D4F4D9 /* Base */ = {isa = PBXFileReference; lastKnownFileType = file.storyboard; name = Base; path = Base.lproj/Main.storyboard; sourceTree = "<group>"; };
		42DB5A981CB96A7C00D4F4D9 /* Assets.xcassets */ = {isa = PBXFileReference; lastKnownFileType = folder.assetcatalog; path = Assets.xcassets; sourceTree = "<group>"; };
		42DB5A9B1CB96A7C00D4F4D9 /* Base */ = {isa = PBXFileReference; lastKnownFileType = file.storyboard; name = Base; path = Base.lproj/LaunchScreen.storyboard; sourceTree = "<group>"; };
		42DB5A9D1CB96A7C00D4F4D9 /* Info.plist */ = {isa = PBXFileReference; lastKnownFileType = text.plist.xml; path = Info.plist; sourceTree = "<group>"; };
		42DB5AA91CB96B3B00D4F4D9 /* DBManager.h */ = {isa = PBXFileReference; fileEncoding = 4; lastKnownFileType = sourcecode.c.h; path = DBManager.h; sourceTree = "<group>"; };
		42DB5AAA1CB96B3B00D4F4D9 /* DBManager.m */ = {isa = PBXFileReference; fileEncoding = 4; lastKnownFileType = sourcecode.c.objc; path = DBManager.m; sourceTree = "<group>"; };
		42DB5AAC1CB96BA500D4F4D9 /* constants.h */ = {isa = PBXFileReference; lastKnownFileType = sourcecode.c.h; path = constants.h; sourceTree = "<group>"; };
		42DB5AAD1CB97EC800D4F4D9 /* libsqlite3.tbd */ = {isa = PBXFileReference; lastKnownFileType = "sourcecode.text-based-dylib-definition"; name = libsqlite3.tbd; path = usr/lib/libsqlite3.tbd; sourceTree = SDKROOT; };
		DB95DA421CC501FC00299D12 /* EComButton.h */ = {isa = PBXFileReference; fileEncoding = 4; lastKnownFileType = sourcecode.c.h; path = EComButton.h; sourceTree = "<group>"; };
		DB95DA431CC501FC00299D12 /* EComButton.m */ = {isa = PBXFileReference; fileEncoding = 4; lastKnownFileType = sourcecode.c.objc; path = EComButton.m; sourceTree = "<group>"; };
		DB95DA481CC51B4000299D12 /* CartFooterView.h */ = {isa = PBXFileReference; fileEncoding = 4; lastKnownFileType = sourcecode.c.h; path = CartFooterView.h; sourceTree = "<group>"; };
		DB95DA491CC51B4000299D12 /* CartFooterView.m */ = {isa = PBXFileReference; fileEncoding = 4; lastKnownFileType = sourcecode.c.objc; path = CartFooterView.m; sourceTree = "<group>"; };
		DB95DA4B1CC51B4B00299D12 /* CartFooterView.xib */ = {isa = PBXFileReference; fileEncoding = 4; lastKnownFileType = file.xib; path = CartFooterView.xib; sourceTree = "<group>"; };
/* End PBXFileReference section */

/* Begin PBXFrameworksBuildPhase section */
		42DB5A861CB96A7C00D4F4D9 /* Frameworks */ = {
			isa = PBXFrameworksBuildPhase;
			buildActionMask = 2147483647;
			files = (
				420C814F1CBF982900F69FA2 /* ImageIO.framework in Frameworks */,
				42DB5AAE1CB97EC800D4F4D9 /* libsqlite3.tbd in Frameworks */,
			);
			runOnlyForDeploymentPostprocessing = 0;
		};
/* End PBXFrameworksBuildPhase section */

/* Begin PBXGroup section */
		420C810E1CBF55BB00F69FA2 /* Product Model */ = {
			isa = PBXGroup;
			children = (
				420EEDCC1CBA265100348AF9 /* ProductEntity.h */,
				420EEDCD1CBA265100348AF9 /* ProductEntity.m */,
				420C81121CBF5D3800F69FA2 /* Products.h */,
				420C81131CBF5D3800F69FA2 /* Products.m */,
			);
			name = "Product Model";
			sourceTree = "<group>";
		};
		420C810F1CBF55CD00F69FA2 /* Category Model */ = {
			isa = PBXGroup;
			children = (
				420EEDCF1CBA266100348AF9 /* ProductCategoryEntity.h */,
				420EEDD01CBA266100348AF9 /* ProductCategoryEntity.m */,
			);
			name = "Category Model";
			sourceTree = "<group>";
		};
		420C81101CBF579D00F69FA2 /* ViewControllers */ = {
			isa = PBXGroup;
			children = (
				420C815D1CBFCE8700F69FA2 /* Cart */,
				420C81591CBFBD4D00F69FA2 /* ProductDetail */,
				420C81581CBFA44400F69FA2 /* Home */,
			);
			name = ViewControllers;
			sourceTree = "<group>";
		};
		420C81111CBF57AD00F69FA2 /* Views */ = {
			isa = PBXGroup;
			children = (
				42DB5A951CB96A7C00D4F4D9 /* Main.storyboard */,
				42E125F21CC5436300F52758 /* HomeProductListTableCell */,
				42E125F31CC5437500F52758 /* CartNavigationView */,
				42E125F41CC5438500F52758 /* CartFooterSection */,
			);
			name = Views;
			sourceTree = "<group>";
		};
		420C811C1CBF980000F69FA2 /* SDWebImage */ = {
			isa = PBXGroup;
			children = (
				420C811D1CBF980000F69FA2 /* MKAnnotationView+WebCache.h */,
				420C811E1CBF980000F69FA2 /* MKAnnotationView+WebCache.m */,
				420C811F1CBF980000F69FA2 /* NSData+ImageContentType.h */,
				420C81201CBF980000F69FA2 /* NSData+ImageContentType.m */,
				420C81211CBF980000F69FA2 /* SDImageCache.h */,
				420C81221CBF980000F69FA2 /* SDImageCache.m */,
				420C81231CBF980000F69FA2 /* SDWebImageCompat.h */,
				420C81241CBF980000F69FA2 /* SDWebImageCompat.m */,
				420C81251CBF980000F69FA2 /* SDWebImageDecoder.h */,
				420C81261CBF980000F69FA2 /* SDWebImageDecoder.m */,
				420C81271CBF980000F69FA2 /* SDWebImageDownloader.h */,
				420C81281CBF980000F69FA2 /* SDWebImageDownloader.m */,
				420C81291CBF980000F69FA2 /* SDWebImageDownloaderOperation.h */,
				420C812A1CBF980000F69FA2 /* SDWebImageDownloaderOperation.m */,
				420C812B1CBF980000F69FA2 /* SDWebImageManager.h */,
				420C812C1CBF980000F69FA2 /* SDWebImageManager.m */,
				420C812D1CBF980000F69FA2 /* SDWebImageOperation.h */,
				420C812E1CBF980000F69FA2 /* SDWebImagePrefetcher.h */,
				420C812F1CBF980000F69FA2 /* SDWebImagePrefetcher.m */,
				420C81301CBF980000F69FA2 /* UIButton+WebCache.h */,
				420C81311CBF980000F69FA2 /* UIButton+WebCache.m */,
				420C81321CBF980000F69FA2 /* UIImage+GIF.h */,
				420C81331CBF980000F69FA2 /* UIImage+GIF.m */,
				420C81341CBF980000F69FA2 /* UIImage+MultiFormat.h */,
				420C81351CBF980000F69FA2 /* UIImage+MultiFormat.m */,
				420C81361CBF980000F69FA2 /* UIImage+WebP.h */,
				420C81371CBF980000F69FA2 /* UIImage+WebP.m */,
				420C81381CBF980000F69FA2 /* UIImageView+HighlightedWebCache.h */,
				420C81391CBF980000F69FA2 /* UIImageView+HighlightedWebCache.m */,
				420C813A1CBF980000F69FA2 /* UIImageView+WebCache.h */,
				420C813B1CBF980000F69FA2 /* UIImageView+WebCache.m */,
				420C813C1CBF980000F69FA2 /* UIView+WebCacheOperation.h */,
				420C813D1CBF980000F69FA2 /* UIView+WebCacheOperation.m */,
			);
			path = SDWebImage;
			sourceTree = "<group>";
		};
		420C81531CBF999800F69FA2 /* Libraries */ = {
			isa = PBXGroup;
			children = (
				420C811C1CBF980000F69FA2 /* SDWebImage */,
				420C814E1CBF982900F69FA2 /* ImageIO.framework */,
				DB95DA451CC5020400299D12 /* EComButton */,
			);
			name = Libraries;
			sourceTree = "<group>";
		};
		420C81541CBF9BD500F69FA2 /* Options Model */ = {
			isa = PBXGroup;
			children = (
				420C81551CBF9BF300F69FA2 /* AppOptions.h */,
				420C81561CBF9BF300F69FA2 /* AppOptions.m */,
			);
			name = "Options Model";
			sourceTree = "<group>";
		};
		420C81581CBFA44400F69FA2 /* Home */ = {
			isa = PBXGroup;
			children = (
				42DB5A921CB96A7C00D4F4D9 /* HomeViewController.h */,
				42DB5A931CB96A7C00D4F4D9 /* HomeViewController.m */,
			);
			name = Home;
			sourceTree = "<group>";
		};
		420C81591CBFBD4D00F69FA2 /* ProductDetail */ = {
			isa = PBXGroup;
			children = (
				420C815A1CBFBD6F00F69FA2 /* ProductDetailViewController.h */,
				420C815B1CBFBD6F00F69FA2 /* ProductDetailViewController.m */,
			);
			name = ProductDetail;
			sourceTree = "<group>";
		};
		420C815D1CBFCE8700F69FA2 /* Cart */ = {
			isa = PBXGroup;
			children = (
				420C815E1CBFCE9800F69FA2 /* CartViewController.h */,
				420C815F1CBFCE9800F69FA2 /* CartViewController.m */,
			);
			name = Cart;
			sourceTree = "<group>";
		};
		420C81611CBFD2A300F69FA2 /* CartManager */ = {
			isa = PBXGroup;
			children = (
				420C81621CBFD2BA00F69FA2 /* CartManager.h */,
				420C81631CBFD2BA00F69FA2 /* CartManager.m */,
			);
			name = CartManager;
			sourceTree = "<group>";
		};
		42DB5A801CB96A7C00D4F4D9 = {
			isa = PBXGroup;
			children = (
				42DB5A8B1CB96A7C00D4F4D9 /* eCommerceTest */,
				42DB5A8A1CB96A7C00D4F4D9 /* Products */,
			);
			sourceTree = "<group>";
		};
		42DB5A8A1CB96A7C00D4F4D9 /* Products */ = {
			isa = PBXGroup;
			children = (
				42DB5A891CB96A7C00D4F4D9 /* eCommerceTest.app */,
			);
			name = Products;
			sourceTree = "<group>";
		};
		42DB5A8B1CB96A7C00D4F4D9 /* eCommerceTest */ = {
			isa = PBXGroup;
			children = (
				420C81531CBF999800F69FA2 /* Libraries */,
				420C81111CBF57AD00F69FA2 /* Views */,
				420C81101CBF579D00F69FA2 /* ViewControllers */,
				42DB5AA71CB96B3B00D4F4D9 /* Models */,
				42DB5A8F1CB96A7C00D4F4D9 /* AppDelegate.h */,
				42DB5A901CB96A7C00D4F4D9 /* AppDelegate.m */,
				42DB5A981CB96A7C00D4F4D9 /* Assets.xcassets */,
				42DB5A9A1CB96A7C00D4F4D9 /* LaunchScreen.storyboard */,
				42DB5A9D1CB96A7C00D4F4D9 /* Info.plist */,
				42DB5A8C1CB96A7C00D4F4D9 /* Supporting Files */,
			);
			path = eCommerceTest;
			sourceTree = "<group>";
		};
		42DB5A8C1CB96A7C00D4F4D9 /* Supporting Files */ = {
			isa = PBXGroup;
			children = (
				42DB5AAC1CB96BA500D4F4D9 /* constants.h */,
				420EEDD21CBA313500348AF9 /* sqlAppDB.sqlite */,
				42DB5AAD1CB97EC800D4F4D9 /* libsqlite3.tbd */,
				42DB5A8D1CB96A7C00D4F4D9 /* main.m */,
			);
			name = "Supporting Files";
			sourceTree = "<group>";
		};
		42DB5AA71CB96B3B00D4F4D9 /* Models */ = {
			isa = PBXGroup;
			children = (
				420C81611CBFD2A300F69FA2 /* CartManager */,
				420C81541CBF9BD500F69FA2 /* Options Model */,
				42DB5AA81CB96B3B00D4F4D9 /* DBManager */,
				420C810E1CBF55BB00F69FA2 /* Product Model */,
				420C810F1CBF55CD00F69FA2 /* Category Model */,
			);
			path = Models;
			sourceTree = "<group>";
		};
		42DB5AA81CB96B3B00D4F4D9 /* DBManager */ = {
			isa = PBXGroup;
			children = (
				42DB5AA91CB96B3B00D4F4D9 /* DBManager.h */,
				42DB5AAA1CB96B3B00D4F4D9 /* DBManager.m */,
			);
			path = DBManager;
			sourceTree = "<group>";
		};
		42E125F21CC5436300F52758 /* HomeProductListTableCell */ = {
			isa = PBXGroup;
			children = (
				420C81151CBF7ADC00F69FA2 /* HomeProductListTableViewCell.h */,
				420C81161CBF7ADC00F69FA2 /* HomeProductListTableViewCell.m */,
				420C81171CBF7ADC00F69FA2 /* HomeProductListTableViewCell.xib */,
			);
			name = HomeProductListTableCell;
			sourceTree = "<group>";
		};
		42E125F31CC5437500F52758 /* CartNavigationView */ = {
			isa = PBXGroup;
			children = (
				420C81651CBFEBF300F69FA2 /* CartNavItem.h */,
				420C81661CBFEBF300F69FA2 /* CartNavItem.m */,
				420C81681CBFEC0400F69FA2 /* CartNavItem.xib */,
			);
			name = CartNavigationView;
			sourceTree = "<group>";
		};
		42E125F41CC5438500F52758 /* CartFooterSection */ = {
			isa = PBXGroup;
			children = (
				DB95DA481CC51B4000299D12 /* CartFooterView.h */,
				DB95DA491CC51B4000299D12 /* CartFooterView.m */,
				DB95DA4B1CC51B4B00299D12 /* CartFooterView.xib */,
			);
			name = CartFooterSection;
			sourceTree = "<group>";
		};
		DB95DA451CC5020400299D12 /* EComButton */ = {
			isa = PBXGroup;
			children = (
				DB95DA421CC501FC00299D12 /* EComButton.h */,
				DB95DA431CC501FC00299D12 /* EComButton.m */,
			);
			name = EComButton;
			sourceTree = "<group>";
		};
/* End PBXGroup section */

/* Begin PBXNativeTarget section */
		42DB5A881CB96A7C00D4F4D9 /* eCommerceTest */ = {
			isa = PBXNativeTarget;
			buildConfigurationList = 42DB5AA01CB96A7C00D4F4D9 /* Build configuration list for PBXNativeTarget "eCommerceTest" */;
			buildPhases = (
				42DB5A851CB96A7C00D4F4D9 /* Sources */,
				42DB5A861CB96A7C00D4F4D9 /* Frameworks */,
				42DB5A871CB96A7C00D4F4D9 /* Resources */,
			);
			buildRules = (
			);
			dependencies = (
			);
			name = eCommerceTest;
			productName = eCommerceTest;
			productReference = 42DB5A891CB96A7C00D4F4D9 /* eCommerceTest.app */;
			productType = "com.apple.product-type.application";
		};
/* End PBXNativeTarget section */

/* Begin PBXProject section */
		42DB5A811CB96A7C00D4F4D9 /* Project object */ = {
			isa = PBXProject;
			attributes = {
				LastUpgradeCheck = 0720;
				ORGANIZATIONNAME = "Devenshu Saini";
				TargetAttributes = {
					42DB5A881CB96A7C00D4F4D9 = {
						CreatedOnToolsVersion = 7.2;
					};
				};
			};
			buildConfigurationList = 42DB5A841CB96A7C00D4F4D9 /* Build configuration list for PBXProject "eCommerceTest" */;
			compatibilityVersion = "Xcode 3.2";
			developmentRegion = English;
			hasScannedForEncodings = 0;
			knownRegions = (
				en,
				Base,
			);
			mainGroup = 42DB5A801CB96A7C00D4F4D9;
			productRefGroup = 42DB5A8A1CB96A7C00D4F4D9 /* Products */;
			projectDirPath = "";
			projectRoot = "";
			targets = (
				42DB5A881CB96A7C00D4F4D9 /* eCommerceTest */,
			);
		};
/* End PBXProject section */

/* Begin PBXResourcesBuildPhase section */
		42DB5A871CB96A7C00D4F4D9 /* Resources */ = {
			isa = PBXResourcesBuildPhase;
			buildActionMask = 2147483647;
			files = (
				42DB5A9C1CB96A7C00D4F4D9 /* LaunchScreen.storyboard in Resources */,
				42DB5A991CB96A7C00D4F4D9 /* Assets.xcassets in Resources */,
				420EEDD31CBA37FE00348AF9 /* sqlAppDB.sqlite in Resources */,
				DB95DA4C1CC51B4B00299D12 /* CartFooterView.xib in Resources */,
				42DB5A971CB96A7C00D4F4D9 /* Main.storyboard in Resources */,
				420C81691CBFEC0400F69FA2 /* CartNavItem.xib in Resources */,
				420C81191CBF7ADC00F69FA2 /* HomeProductListTableViewCell.xib in Resources */,
			);
			runOnlyForDeploymentPostprocessing = 0;
		};
/* End PBXResourcesBuildPhase section */

/* Begin PBXSourcesBuildPhase section */
		42DB5A851CB96A7C00D4F4D9 /* Sources */ = {
			isa = PBXSourcesBuildPhase;
			buildActionMask = 2147483647;
			files = (
				420C81571CBF9BF300F69FA2 /* AppOptions.m in Sources */,
				420C81671CBFEBF300F69FA2 /* CartNavItem.m in Sources */,
				420C81421CBF980000F69FA2 /* SDWebImageDecoder.m in Sources */,
				420C81451CBF980000F69FA2 /* SDWebImageManager.m in Sources */,
				420C813F1CBF980000F69FA2 /* NSData+ImageContentType.m in Sources */,
				420C81411CBF980000F69FA2 /* SDWebImageCompat.m in Sources */,
				420C814D1CBF980000F69FA2 /* UIView+WebCacheOperation.m in Sources */,
				DB95DA4A1CC51B4000299D12 /* CartFooterView.m in Sources */,
				420C814A1CBF980000F69FA2 /* UIImage+WebP.m in Sources */,
				420C81141CBF5D3800F69FA2 /* Products.m in Sources */,
				420C814B1CBF980000F69FA2 /* UIImageView+HighlightedWebCache.m in Sources */,
				42DB5A941CB96A7C00D4F4D9 /* HomeViewController.m in Sources */,
				420C81181CBF7ADC00F69FA2 /* HomeProductListTableViewCell.m in Sources */,
				420C81471CBF980000F69FA2 /* UIButton+WebCache.m in Sources */,
				420C81461CBF980000F69FA2 /* SDWebImagePrefetcher.m in Sources */,
				420C81441CBF980000F69FA2 /* SDWebImageDownloaderOperation.m in Sources */,
				420EEDD11CBA266100348AF9 /* ProductCategoryEntity.m in Sources */,
				420EEDCE1CBA265100348AF9 /* ProductEntity.m in Sources */,
				420C81601CBFCE9800F69FA2 /* CartViewController.m in Sources */,
				420C81641CBFD2BA00F69FA2 /* CartManager.m in Sources */,
				420C81491CBF980000F69FA2 /* UIImage+MultiFormat.m in Sources */,
				42DB5A911CB96A7C00D4F4D9 /* AppDelegate.m in Sources */,
				420C81401CBF980000F69FA2 /* SDImageCache.m in Sources */,
				420C815C1CBFBD6F00F69FA2 /* ProductDetailViewController.m in Sources */,
				42DB5A8E1CB96A7C00D4F4D9 /* main.m in Sources */,
				42DB5AAB1CB96B3B00D4F4D9 /* DBManager.m in Sources */,
				DB95DA441CC501FC00299D12 /* EComButton.m in Sources */,
				420C81481CBF980000F69FA2 /* UIImage+GIF.m in Sources */,
				420C81431CBF980000F69FA2 /* SDWebImageDownloader.m in Sources */,
				420C814C1CBF980000F69FA2 /* UIImageView+WebCache.m in Sources */,
				420C813E1CBF980000F69FA2 /* MKAnnotationView+WebCache.m in Sources */,
			);
			runOnlyForDeploymentPostprocessing = 0;
		};
/* End PBXSourcesBuildPhase section */

/* Begin PBXVariantGroup section */
		42DB5A951CB96A7C00D4F4D9 /* Main.storyboard */ = {
			isa = PBXVariantGroup;
			children = (
				42DB5A961CB96A7C00D4F4D9 /* Base */,
			);
			name = Main.storyboard;
			sourceTree = "<group>";
		};
		42DB5A9A1CB96A7C00D4F4D9 /* LaunchScreen.storyboard */ = {
			isa = PBXVariantGroup;
			children = (
				42DB5A9B1CB96A7C00D4F4D9 /* Base */,
			);
			name = LaunchScreen.storyboard;
			sourceTree = "<group>";
		};
/* End PBXVariantGroup section */

/* Begin XCBuildConfiguration section */
		42DB5A9E1CB96A7C00D4F4D9 /* Debug */ = {
			isa = XCBuildConfiguration;
			buildSettings = {
				ALWAYS_SEARCH_USER_PATHS = NO;
				CLANG_CXX_LANGUAGE_STANDARD = "gnu++0x";
				CLANG_CXX_LIBRARY = "libc++";
				CLANG_ENABLE_MODULES = YES;
				CLANG_ENABLE_OBJC_ARC = YES;
				CLANG_WARN_BOOL_CONVERSION = YES;
				CLANG_WARN_CONSTANT_CONVERSION = YES;
				CLANG_WARN_DIRECT_OBJC_ISA_USAGE = YES_ERROR;
				CLANG_WARN_EMPTY_BODY = YES;
				CLANG_WARN_ENUM_CONVERSION = YES;
				CLANG_WARN_INT_CONVERSION = YES;
				CLANG_WARN_OBJC_ROOT_CLASS = YES_ERROR;
				CLANG_WARN_UNREACHABLE_CODE = YES;
				CLANG_WARN__DUPLICATE_METHOD_MATCH = YES;
				"CODE_SIGN_IDENTITY[sdk=iphoneos*]" = "iPhone Developer";
				COPY_PHASE_STRIP = NO;
				DEBUG_INFORMATION_FORMAT = dwarf;
				ENABLE_STRICT_OBJC_MSGSEND = YES;
				ENABLE_TESTABILITY = YES;
				GCC_C_LANGUAGE_STANDARD = gnu99;
				GCC_DYNAMIC_NO_PIC = NO;
				GCC_NO_COMMON_BLOCKS = YES;
				GCC_OPTIMIZATION_LEVEL = 0;
				GCC_PREPROCESSOR_DEFINITIONS = (
					"DEBUG=1",
					"$(inherited)",
				);
				GCC_WARN_64_TO_32_BIT_CONVERSION = YES;
				GCC_WARN_ABOUT_RETURN_TYPE = YES_ERROR;
				GCC_WARN_UNDECLARED_SELECTOR = YES;
				GCC_WARN_UNINITIALIZED_AUTOS = YES_AGGRESSIVE;
				GCC_WARN_UNUSED_FUNCTION = YES;
				GCC_WARN_UNUSED_VARIABLE = YES;
				IPHONEOS_DEPLOYMENT_TARGET = 9.2;
				MTL_ENABLE_DEBUG_INFO = YES;
				ONLY_ACTIVE_ARCH = YES;
				SDKROOT = iphoneos;
			};
			name = Debug;
		};
		42DB5A9F1CB96A7C00D4F4D9 /* Release */ = {
			isa = XCBuildConfiguration;
			buildSettings = {
				ALWAYS_SEARCH_USER_PATHS = NO;
				CLANG_CXX_LANGUAGE_STANDARD = "gnu++0x";
				CLANG_CXX_LIBRARY = "libc++";
				CLANG_ENABLE_MODULES = YES;
				CLANG_ENABLE_OBJC_ARC = YES;
				CLANG_WARN_BOOL_CONVERSION = YES;
				CLANG_WARN_CONSTANT_CONVERSION = YES;
				CLANG_WARN_DIRECT_OBJC_ISA_USAGE = YES_ERROR;
				CLANG_WARN_EMPTY_BODY = YES;
				CLANG_WARN_ENUM_CONVERSION = YES;
				CLANG_WARN_INT_CONVERSION = YES;
				CLANG_WARN_OBJC_ROOT_CLASS = YES_ERROR;
				CLANG_WARN_UNREACHABLE_CODE = YES;
				CLANG_WARN__DUPLICATE_METHOD_MATCH = YES;
				"CODE_SIGN_IDENTITY[sdk=iphoneos*]" = "iPhone Developer";
				COPY_PHASE_STRIP = NO;
				DEBUG_INFORMATION_FORMAT = "dwarf-with-dsym";
				ENABLE_NS_ASSERTIONS = NO;
				ENABLE_STRICT_OBJC_MSGSEND = YES;
				GCC_C_LANGUAGE_STANDARD = gnu99;
				GCC_NO_COMMON_BLOCKS = YES;
				GCC_WARN_64_TO_32_BIT_CONVERSION = YES;
				GCC_WARN_ABOUT_RETURN_TYPE = YES_ERROR;
				GCC_WARN_UNDECLARED_SELECTOR = YES;
				GCC_WARN_UNINITIALIZED_AUTOS = YES_AGGRESSIVE;
				GCC_WARN_UNUSED_FUNCTION = YES;
				GCC_WARN_UNUSED_VARIABLE = YES;
				IPHONEOS_DEPLOYMENT_TARGET = 9.2;
				MTL_ENABLE_DEBUG_INFO = NO;
				SDKROOT = iphoneos;
				VALIDATE_PRODUCT = YES;
			};
			name = Release;
		};
		42DB5AA11CB96A7C00D4F4D9 /* Debug */ = {
			isa = XCBuildConfiguration;
			buildSettings = {
				ASSETCATALOG_COMPILER_APPICON_NAME = AppIcon;
				INFOPLIST_FILE = eCommerceTest/Info.plist;
				LD_RUNPATH_SEARCH_PATHS = "$(inherited) @executable_path/Frameworks";
				OTHER_LDFLAGS = "-ObjC";
				PRODUCT_BUNDLE_IDENTIFIER = com.es.eCommerceTest;
				PRODUCT_NAME = "$(TARGET_NAME)";
			};
			name = Debug;
		};
		42DB5AA21CB96A7C00D4F4D9 /* Release */ = {
			isa = XCBuildConfiguration;
			buildSettings = {
				ASSETCATALOG_COMPILER_APPICON_NAME = AppIcon;
				INFOPLIST_FILE = eCommerceTest/Info.plist;
				LD_RUNPATH_SEARCH_PATHS = "$(inherited) @executable_path/Frameworks";
				OTHER_LDFLAGS = "-ObjC";
				PRODUCT_BUNDLE_IDENTIFIER = com.es.eCommerceTest;
				PRODUCT_NAME = "$(TARGET_NAME)";
			};
			name = Release;
		};
/* End XCBuildConfiguration section */

/* Begin XCConfigurationList section */
		42DB5A841CB96A7C00D4F4D9 /* Build configuration list for PBXProject "eCommerceTest" */ = {
			isa = XCConfigurationList;
			buildConfigurations = (
				42DB5A9E1CB96A7C00D4F4D9 /* Debug */,
				42DB5A9F1CB96A7C00D4F4D9 /* Release */,
			);
			defaultConfigurationIsVisible = 0;
			defaultConfigurationName = Release;
		};
		42DB5AA01CB96A7C00D4F4D9 /* Build configuration list for PBXNativeTarget "eCommerceTest" */ = {
			isa = XCConfigurationList;
			buildConfigurations = (
				42DB5AA11CB96A7C00D4F4D9 /* Debug */,
				42DB5AA21CB96A7C00D4F4D9 /* Release */,
			);
			defaultConfigurationIsVisible = 0;
			defaultConfigurationName = Release;
		};
/* End XCConfigurationList section */
	};
	rootObject = 42DB5A811CB96A7C00D4F4D9 /* Project object */;
}
